
Microsoft Visual Studio Solution File, Format Version 12.00
# Visual Studio 15
VisualStudioVersion = 15.0.26403.3
MinimumVisualStudioVersion = 10.0.40219.1
Project("{9A19103F-16F7-4668-BE54-9A1E7A4F7556}") = "Protocol", "Protocol\Protocol.csproj", "{A2EFB9DD-D68F-4B4F-95B4-BB3A75B5EE24}"
EndProject
Project("{9A19103F-16F7-4668-BE54-9A1E7A4F7556}") = "Server", "Server\Server.csproj", "{8799888D-B5DC-4CBD-9869-1036B5BA6900}"
EndProject
Project("{2150E333-8FDC-42A3-9474-1A3956D46DE8}") = "Server Implementations", "Server Implementations", "{D8C8DB56-66FE-499D-BABE-C4C69EA59767}"
EndProject
Project("{9A19103F-16F7-4668-BE54-9A1E7A4F7556}") = "WindowsConsoleServer", "WindowsConsoleServer\WindowsConsoleServer.csproj", "{1DCCF241-E813-40B1-88C8-C34E676D7AB8}"
EndProject
Project("{9A19103F-16F7-4668-BE54-9A1E7A4F7556}") = "Messages", "Messages\Messages.csproj", "{B662128B-660F-4B53-A7BF-B0319BD1D614}"
EndProject
Project("{FAE04EC0-301F-11D3-BF4B-00C04F79EFBC}") = "UWPClient", "UWPClient\UWPClient.csproj", "{02E84F8A-5DCB-431B-ACBC-564176F6D4A1}"
EndProject
Project("{2150E333-8FDC-42A3-9474-1A3956D46DE8}") = "Client Implementations", "Client Implementations", "{D16F82BC-CD34-447D-BE3C-87F91BD219D7}"
EndProject
Project("{FAE04EC0-301F-11D3-BF4B-00C04F79EFBC}") = "Client", "Client\Client.csproj", "{9C1BC186-524A-4235-9168-1284070139DC}"
EndProject
Project("{FAE04EC0-301F-11D3-BF4B-00C04F79EFBC}") = "UWPBackgroundServer", "UWPBackgroundServer\UWPBackgroundServer.csproj", "{DC35FD11-06D5-4D9C-87B6-9F1DEE108B6F}"
EndProject
Global
	GlobalSection(SolutionConfigurationPlatforms) = preSolution
		Debug|Any CPU = Debug|Any CPU
		Debug|ARM = Debug|ARM
		Debug|x64 = Debug|x64
		Debug|x86 = Debug|x86
		Release|Any CPU = Release|Any CPU
		Release|ARM = Release|ARM
		Release|x64 = Release|x64
		Release|x86 = Release|x86
	EndGlobalSection
	GlobalSection(ProjectConfigurationPlatforms) = postSolution
		{A2EFB9DD-D68F-4B4F-95B4-BB3A75B5EE24}.Debug|Any CPU.ActiveCfg = Debug|Any CPU
		{A2EFB9DD-D68F-4B4F-95B4-BB3A75B5EE24}.Debug|Any CPU.Build.0 = Debug|Any CPU
		{A2EFB9DD-D68F-4B4F-95B4-BB3A75B5EE24}.Debug|ARM.ActiveCfg = Debug|Any CPU
		{A2EFB9DD-D68F-4B4F-95B4-BB3A75B5EE24}.Debug|ARM.Build.0 = Debug|Any CPU
		{A2EFB9DD-D68F-4B4F-95B4-BB3A75B5EE24}.Debug|x64.ActiveCfg = Debug|Any CPU
		{A2EFB9DD-D68F-4B4F-95B4-BB3A75B5EE24}.Debug|x64.Build.0 = Debug|Any CPU
		{A2EFB9DD-D68F-4B4F-95B4-BB3A75B5EE24}.Debug|x86.ActiveCfg = Debug|Any CPU
		{A2EFB9DD-D68F-4B4F-95B4-BB3A75B5EE24}.Debug|x86.Build.0 = Debug|Any CPU
		{A2EFB9DD-D68F-4B4F-95B4-BB3A75B5EE24}.Release|Any CPU.ActiveCfg = Release|Any CPU
		{A2EFB9DD-D68F-4B4F-95B4-BB3A75B5EE24}.Release|Any CPU.Build.0 = Release|Any CPU
		{A2EFB9DD-D68F-4B4F-95B4-BB3A75B5EE24}.Release|ARM.ActiveCfg = Release|Any CPU
		{A2EFB9DD-D68F-4B4F-95B4-BB3A75B5EE24}.Release|ARM.Build.0 = Release|Any CPU
		{A2EFB9DD-D68F-4B4F-95B4-BB3A75B5EE24}.Release|x64.ActiveCfg = Release|Any CPU
		{A2EFB9DD-D68F-4B4F-95B4-BB3A75B5EE24}.Release|x64.Build.0 = Release|Any CPU
		{A2EFB9DD-D68F-4B4F-95B4-BB3A75B5EE24}.Release|x86.ActiveCfg = Release|Any CPU
		{A2EFB9DD-D68F-4B4F-95B4-BB3A75B5EE24}.Release|x86.Build.0 = Release|Any CPU
		{8799888D-B5DC-4CBD-9869-1036B5BA6900}.Debug|Any CPU.ActiveCfg = Debug|Any CPU
		{8799888D-B5DC-4CBD-9869-1036B5BA6900}.Debug|Any CPU.Build.0 = Debug|Any CPU
		{8799888D-B5DC-4CBD-9869-1036B5BA6900}.Debug|ARM.ActiveCfg = Debug|Any CPU
		{8799888D-B5DC-4CBD-9869-1036B5BA6900}.Debug|ARM.Build.0 = Debug|Any CPU
		{8799888D-B5DC-4CBD-9869-1036B5BA6900}.Debug|x64.ActiveCfg = Debug|Any CPU
		{8799888D-B5DC-4CBD-9869-1036B5BA6900}.Debug|x64.Build.0 = Debug|Any CPU
		{8799888D-B5DC-4CBD-9869-1036B5BA6900}.Debug|x86.ActiveCfg = Debug|Any CPU
		{8799888D-B5DC-4CBD-9869-1036B5BA6900}.Debug|x86.Build.0 = Debug|Any CPU
		{8799888D-B5DC-4CBD-9869-1036B5BA6900}.Release|Any CPU.ActiveCfg = Release|Any CPU
		{8799888D-B5DC-4CBD-9869-1036B5BA6900}.Release|Any CPU.Build.0 = Release|Any CPU
		{8799888D-B5DC-4CBD-9869-1036B5BA6900}.Release|ARM.ActiveCfg = Release|Any CPU
		{8799888D-B5DC-4CBD-9869-1036B5BA6900}.Release|ARM.Build.0 = Release|Any CPU
		{8799888D-B5DC-4CBD-9869-1036B5BA6900}.Release|x64.ActiveCfg = Release|Any CPU
		{8799888D-B5DC-4CBD-9869-1036B5BA6900}.Release|x64.Build.0 = Release|Any CPU
		{8799888D-B5DC-4CBD-9869-1036B5BA6900}.Release|x86.ActiveCfg = Release|Any CPU
		{8799888D-B5DC-4CBD-9869-1036B5BA6900}.Release|x86.Build.0 = Release|Any CPU
		{1DCCF241-E813-40B1-88C8-C34E676D7AB8}.Debug|Any CPU.ActiveCfg = Debug|Any CPU
		{1DCCF241-E813-40B1-88C8-C34E676D7AB8}.Debug|Any CPU.Build.0 = Debug|Any CPU
		{1DCCF241-E813-40B1-88C8-C34E676D7AB8}.Debug|ARM.ActiveCfg = Debug|Any CPU
		{1DCCF241-E813-40B1-88C8-C34E676D7AB8}.Debug|ARM.Build.0 = Debug|Any CPU
		{1DCCF241-E813-40B1-88C8-C34E676D7AB8}.Debug|x64.ActiveCfg = Debug|Any CPU
		{1DCCF241-E813-40B1-88C8-C34E676D7AB8}.Debug|x64.Build.0 = Debug|Any CPU
		{1DCCF241-E813-40B1-88C8-C34E676D7AB8}.Debug|x86.ActiveCfg = Debug|Any CPU
		{1DCCF241-E813-40B1-88C8-C34E676D7AB8}.Debug|x86.Build.0 = Debug|Any CPU
		{1DCCF241-E813-40B1-88C8-C34E676D7AB8}.Release|Any CPU.ActiveCfg = Release|Any CPU
		{1DCCF241-E813-40B1-88C8-C34E676D7AB8}.Release|Any CPU.Build.0 = Release|Any CPU
		{1DCCF241-E813-40B1-88C8-C34E676D7AB8}.Release|ARM.ActiveCfg = Release|Any CPU
		{1DCCF241-E813-40B1-88C8-C34E676D7AB8}.Release|ARM.Build.0 = Release|Any CPU
		{1DCCF241-E813-40B1-88C8-C34E676D7AB8}.Release|x64.ActiveCfg = Release|Any CPU
		{1DCCF241-E813-40B1-88C8-C34E676D7AB8}.Release|x64.Build.0 = Release|Any CPU
		{1DCCF241-E813-40B1-88C8-C34E676D7AB8}.Release|x86.ActiveCfg = Release|Any CPU
		{1DCCF241-E813-40B1-88C8-C34E676D7AB8}.Release|x86.Build.0 = Release|Any CPU
		{B662128B-660F-4B53-A7BF-B0319BD1D614}.Debug|Any CPU.ActiveCfg = Debug|Any CPU
		{B662128B-660F-4B53-A7BF-B0319BD1D614}.Debug|Any CPU.Build.0 = Debug|Any CPU
		{B662128B-660F-4B53-A7BF-B0319BD1D614}.Debug|ARM.ActiveCfg = Debug|Any CPU
		{B662128B-660F-4B53-A7BF-B0319BD1D614}.Debug|ARM.Build.0 = Debug|Any CPU
		{B662128B-660F-4B53-A7BF-B0319BD1D614}.Debug|x64.ActiveCfg = Debug|Any CPU
		{B662128B-660F-4B53-A7BF-B0319BD1D614}.Debug|x64.Build.0 = Debug|Any CPU
		{B662128B-660F-4B53-A7BF-B0319BD1D614}.Debug|x86.ActiveCfg = Debug|Any CPU
		{B662128B-660F-4B53-A7BF-B0319BD1D614}.Debug|x86.Build.0 = Debug|Any CPU
		{B662128B-660F-4B53-A7BF-B0319BD1D614}.Release|Any CPU.ActiveCfg = Release|Any CPU
		{B662128B-660F-4B53-A7BF-B0319BD1D614}.Release|Any CPU.Build.0 = Release|Any CPU
		{B662128B-660F-4B53-A7BF-B0319BD1D614}.Release|ARM.ActiveCfg = Release|Any CPU
		{B662128B-660F-4B53-A7BF-B0319BD1D614}.Release|ARM.Build.0 = Release|Any CPU
		{B662128B-660F-4B53-A7BF-B0319BD1D614}.Release|x64.ActiveCfg = Release|Any CPU
		{B662128B-660F-4B53-A7BF-B0319BD1D614}.Release|x64.Build.0 = Release|Any CPU
		{B662128B-660F-4B53-A7BF-B0319BD1D614}.Release|x86.ActiveCfg = Release|Any CPU
		{B662128B-660F-4B53-A7BF-B0319BD1D614}.Release|x86.Build.0 = Release|Any CPU
		{02E84F8A-5DCB-431B-ACBC-564176F6D4A1}.Debug|Any CPU.ActiveCfg = Debug|x86
		{02E84F8A-5DCB-431B-ACBC-564176F6D4A1}.Debug|Any CPU.Build.0 = Debug|x86
		{02E84F8A-5DCB-431B-ACBC-564176F6D4A1}.Debug|Any CPU.Deploy.0 = Debug|x86
		{02E84F8A-5DCB-431B-ACBC-564176F6D4A1}.Debug|ARM.ActiveCfg = Debug|ARM
		{02E84F8A-5DCB-431B-ACBC-564176F6D4A1}.Debug|ARM.Build.0 = Debug|ARM
		{02E84F8A-5DCB-431B-ACBC-564176F6D4A1}.Debug|ARM.Deploy.0 = Debug|ARM
		{02E84F8A-5DCB-431B-ACBC-564176F6D4A1}.Debug|x64.ActiveCfg = Debug|x64
		{02E84F8A-5DCB-431B-ACBC-564176F6D4A1}.Debug|x64.Build.0 = Debug|x64
		{02E84F8A-5DCB-431B-ACBC-564176F6D4A1}.Debug|x64.Deploy.0 = Debug|x64
		{02E84F8A-5DCB-431B-ACBC-564176F6D4A1}.Debug|x86.ActiveCfg = Debug|x86
		{02E84F8A-5DCB-431B-ACBC-564176F6D4A1}.Debug|x86.Build.0 = Debug|x86
		{02E84F8A-5DCB-431B-ACBC-564176F6D4A1}.Debug|x86.Deploy.0 = Debug|x86
		{02E84F8A-5DCB-431B-ACBC-564176F6D4A1}.Release|Any CPU.ActiveCfg = Release|x86
		{02E84F8A-5DCB-431B-ACBC-564176F6D4A1}.Release|Any CPU.Build.0 = Release|x86
		{02E84F8A-5DCB-431B-ACBC-564176F6D4A1}.Release|Any CPU.Deploy.0 = Release|x86
		{02E84F8A-5DCB-431B-ACBC-564176F6D4A1}.Release|ARM.ActiveCfg = Release|ARM
		{02E84F8A-5DCB-431B-ACBC-564176F6D4A1}.Release|ARM.Build.0 = Release|ARM
		{02E84F8A-5DCB-431B-ACBC-564176F6D4A1}.Release|ARM.Deploy.0 = Release|ARM
		{02E84F8A-5DCB-431B-ACBC-564176F6D4A1}.Release|x64.ActiveCfg = Release|x64
		{02E84F8A-5DCB-431B-ACBC-564176F6D4A1}.Release|x64.Build.0 = Release|x64
		{02E84F8A-5DCB-431B-ACBC-564176F6D4A1}.Release|x64.Deploy.0 = Release|x64
		{02E84F8A-5DCB-431B-ACBC-564176F6D4A1}.Release|x86.ActiveCfg = Release|x86
		{02E84F8A-5DCB-431B-ACBC-564176F6D4A1}.Release|x86.Build.0 = Release|x86
		{02E84F8A-5DCB-431B-ACBC-564176F6D4A1}.Release|x86.Deploy.0 = Release|x86
		{9C1BC186-524A-4235-9168-1284070139DC}.Debug|Any CPU.ActiveCfg = Debug|Any CPU
		{9C1BC186-524A-4235-9168-1284070139DC}.Debug|Any CPU.Build.0 = Debug|Any CPU
		{9C1BC186-524A-4235-9168-1284070139DC}.Debug|ARM.ActiveCfg = Debug|Any CPU
		{9C1BC186-524A-4235-9168-1284070139DC}.Debug|ARM.Build.0 = Debug|Any CPU
		{9C1BC186-524A-4235-9168-1284070139DC}.Debug|x64.ActiveCfg = Debug|Any CPU
		{9C1BC186-524A-4235-9168-1284070139DC}.Debug|x64.Build.0 = Debug|Any CPU
		{9C1BC186-524A-4235-9168-1284070139DC}.Debug|x86.ActiveCfg = Debug|Any CPU
		{9C1BC186-524A-4235-9168-1284070139DC}.Debug|x86.Build.0 = Debug|Any CPU
		{9C1BC186-524A-4235-9168-1284070139DC}.Release|Any CPU.ActiveCfg = Release|Any CPU
		{9C1BC186-524A-4235-9168-1284070139DC}.Release|Any CPU.Build.0 = Release|Any CPU
		{9C1BC186-524A-4235-9168-1284070139DC}.Release|ARM.ActiveCfg = Release|Any CPU
		{9C1BC186-524A-4235-9168-1284070139DC}.Release|ARM.Build.0 = Release|Any CPU
		{9C1BC186-524A-4235-9168-1284070139DC}.Release|x64.ActiveCfg = Release|Any CPU
		{9C1BC186-524A-4235-9168-1284070139DC}.Release|x64.Build.0 = Release|Any CPU
		{9C1BC186-524A-4235-9168-1284070139DC}.Release|x86.ActiveCfg = Release|Any CPU
		{9C1BC186-524A-4235-9168-1284070139DC}.Release|x86.Build.0 = Release|Any CPU
		{DC35FD11-06D5-4D9C-87B6-9F1DEE108B6F}.Debug|Any CPU.ActiveCfg = Debug|x86
		{DC35FD11-06D5-4D9C-87B6-9F1DEE108B6F}.Debug|ARM.ActiveCfg = Debug|ARM
		{DC35FD11-06D5-4D9C-87B6-9F1DEE108B6F}.Debug|ARM.Build.0 = Debug|ARM
		{DC35FD11-06D5-4D9C-87B6-9F1DEE108B6F}.Debug|ARM.Deploy.0 = Debug|ARM
		{DC35FD11-06D5-4D9C-87B6-9F1DEE108B6F}.Debug|x64.ActiveCfg = Debug|x64
		{DC35FD11-06D5-4D9C-87B6-9F1DEE108B6F}.Debug|x64.Build.0 = Debug|x64
		{DC35FD11-06D5-4D9C-87B6-9F1DEE108B6F}.Debug|x64.Deploy.0 = Debug|x64
		{DC35FD11-06D5-4D9C-87B6-9F1DEE108B6F}.Debug|x86.ActiveCfg = Debug|x86
		{DC35FD11-06D5-4D9C-87B6-9F1DEE108B6F}.Debug|x86.Build.0 = Debug|x86
		{DC35FD11-06D5-4D9C-87B6-9F1DEE108B6F}.Debug|x86.Deploy.0 = Debug|x86
		{DC35FD11-06D5-4D9C-87B6-9F1DEE108B6F}.Release|Any CPU.ActiveCfg = Release|x86
		{DC35FD11-06D5-4D9C-87B6-9F1DEE108B6F}.Release|ARM.ActiveCfg = Release|ARM
		{DC35FD11-06D5-4D9C-87B6-9F1DEE108B6F}.Release|ARM.Build.0 = Release|ARM
		{DC35FD11-06D5-4D9C-87B6-9F1DEE108B6F}.Release|ARM.Deploy.0 = Release|ARM
		{DC35FD11-06D5-4D9C-87B6-9F1DEE108B6F}.Release|x64.ActiveCfg = Release|x64
		{DC35FD11-06D5-4D9C-87B6-9F1DEE108B6F}.Release|x64.Build.0 = Release|x64
		{DC35FD11-06D5-4D9C-87B6-9F1DEE108B6F}.Release|x64.Deploy.0 = Release|x64
		{DC35FD11-06D5-4D9C-87B6-9F1DEE108B6F}.Release|x86.ActiveCfg = Release|x86
		{DC35FD11-06D5-4D9C-87B6-9F1DEE108B6F}.Release|x86.Build.0 = Release|x86
		{DC35FD11-06D5-4D9C-87B6-9F1DEE108B6F}.Release|x86.Deploy.0 = Release|x86
	EndGlobalSection
	GlobalSection(SolutionProperties) = preSolution
		HideSolutionNode = FALSE
	EndGlobalSection
	GlobalSection(NestedProjects) = preSolution
		{1DCCF241-E813-40B1-88C8-C34E676D7AB8} = {D8C8DB56-66FE-499D-BABE-C4C69EA59767}
		{02E84F8A-5DCB-431B-ACBC-564176F6D4A1} = {D16F82BC-CD34-447D-BE3C-87F91BD219D7}
		{DC35FD11-06D5-4D9C-87B6-9F1DEE108B6F} = {D8C8DB56-66FE-499D-BABE-C4C69EA59767}
	EndGlobalSection
EndGlobal
